{
  "name": "faith-moves",
  "version": "1.0.0",
  "lockfileVersion": 1,
  "requires": true,
  "dependencies": {
    "angular-module-sanitize": {
      "version": "1.2.19",
      "resolved": "https://registry.npmjs.org/angular-module-sanitize/-/angular-module-sanitize-1.2.19.tgz",
      "integrity": "sha1-6+jqjzVh+UyxR5dO62S4lW79Z6I="
    }
  }
}
